{
  "requires": true,
  "lockfileVersion": 1,
  "dependencies": {
    "@types/node": {
      "version": "14.14.21",
      "resolved": "https://schwarzit.jfrog.io/schwarzit/api/npm/xx-sit-stackit-npm-virtual/@types/node/-/node-14.14.21.tgz",
      "integrity": "sha1-2TSqzCJCT+liLr9oVzcMBS6uRk4=",
      "dev": true
    }
  }
}
